// !$*UTF8*$!
{
	archiveVersion = 1;
	classes = {
	};
	objectVersion = 55;
	objects = {

/* Begin PBXBuildFile section */
		68799B3A282544120096FBF5 /* RWPickFlavor.docc in Sources */ = {isa = PBXBuildFile; fileRef = 68799B39282544120096FBF5 /* RWPickFlavor.docc */; };
		68799B40282544120096FBF5 /* RWPickFlavor.framework in Frameworks */ = {isa = PBXBuildFile; fileRef = 68799B35282544120096FBF5 /* RWPickFlavor.framework */; };
		68799B45282544120096FBF5 /* RWPickFlavorTests.swift in Sources */ = {isa = PBXBuildFile; fileRef = 68799B44282544120096FBF5 /* RWPickFlavorTests.swift */; };
		68799B46282544120096FBF5 /* RWPickFlavor.h in Headers */ = {isa = PBXBuildFile; fileRef = 68799B38282544120096FBF5 /* RWPickFlavor.h */; settings = {ATTRIBUTES = (Public, ); }; };
		68799B542825494C0096FBF5 /* Models in Resources */ = {isa = PBXBuildFile; fileRef = 68799B4F2825494C0096FBF5 /* Models */; };
		68799B552825494C0096FBF5 /* Resources in Resources */ = {isa = PBXBuildFile; fileRef = 68799B502825494C0096FBF5 /* Resources */; };
		68799B562825494C0096FBF5 /* Views in Resources */ = {isa = PBXBuildFile; fileRef = 68799B512825494C0096FBF5 /* Views */; };
		68799B572825494C0096FBF5 /* Categories in Resources */ = {isa = PBXBuildFile; fileRef = 68799B522825494C0096FBF5 /* Categories */; };
		68799B582825494C0096FBF5 /* Controllers in Resources */ = {isa = PBXBuildFile; fileRef = 68799B532825494C0096FBF5 /* Controllers */; };
		8CC49E741C602FEEBC63B68B /* Pods_RWPickFlavor.framework in Frameworks */ = {isa = PBXBuildFile; fileRef = F93D203E9BB948C450E8C364 /* Pods_RWPickFlavor.framework */; };
/* End PBXBuildFile section */

/* Begin PBXContainerItemProxy section */
		68799B41282544120096FBF5 /* PBXContainerItemProxy */ = {
			isa = PBXContainerItemProxy;
			containerPortal = 68799B2C282544120096FBF5 /* Project object */;
			proxyType = 1;
			remoteGlobalIDString = 68799B34282544120096FBF5;
			remoteInfo = RWPickFlavor;
		};
/* End PBXContainerItemProxy section */

/* Begin PBXFileReference section */
		68799B35282544120096FBF5 /* RWPickFlavor.framework */ = {isa = PBXFileReference; explicitFileType = wrapper.framework; includeInIndex = 0; path = RWPickFlavor.framework; sourceTree = BUILT_PRODUCTS_DIR; };
		68799B38282544120096FBF5 /* RWPickFlavor.h */ = {isa = PBXFileReference; lastKnownFileType = sourcecode.c.h; path = RWPickFlavor.h; sourceTree = "<group>"; };
		68799B39282544120096FBF5 /* RWPickFlavor.docc */ = {isa = PBXFileReference; lastKnownFileType = folder.documentationcatalog; path = RWPickFlavor.docc; sourceTree = "<group>"; };
		68799B3F282544120096FBF5 /* RWPickFlavorTests.xctest */ = {isa = PBXFileReference; explicitFileType = wrapper.cfbundle; includeInIndex = 0; path = RWPickFlavorTests.xctest; sourceTree = BUILT_PRODUCTS_DIR; };
		68799B44282544120096FBF5 /* RWPickFlavorTests.swift */ = {isa = PBXFileReference; lastKnownFileType = sourcecode.swift; path = RWPickFlavorTests.swift; sourceTree = "<group>"; };
		68799B4F2825494C0096FBF5 /* Models */ = {isa = PBXFileReference; lastKnownFileType = folder; path = Models; sourceTree = "<group>"; };
		68799B502825494C0096FBF5 /* Resources */ = {isa = PBXFileReference; lastKnownFileType = folder; path = Resources; sourceTree = "<group>"; };
		68799B512825494C0096FBF5 /* Views */ = {isa = PBXFileReference; lastKnownFileType = folder; path = Views; sourceTree = "<group>"; };
		68799B522825494C0096FBF5 /* Categories */ = {isa = PBXFileReference; lastKnownFileType = folder; path = Categories; sourceTree = "<group>"; };
		68799B532825494C0096FBF5 /* Controllers */ = {isa = PBXFileReference; lastKnownFileType = folder; path = Controllers; sourceTree = "<group>"; };
		7AEC499A7D7F982EB076A3C6 /* Pods-RWPickFlavor.debug.xcconfig */ = {isa = PBXFileReference; includeInIndex = 1; lastKnownFileType = text.xcconfig; name = "Pods-RWPickFlavor.debug.xcconfig"; path = "Target Support Files/Pods-RWPickFlavor/Pods-RWPickFlavor.debug.xcconfig"; sourceTree = "<group>"; };
		D8375A74F71E8835513AC6B6 /* Pods-RWPickFlavor.release.xcconfig */ = {isa = PBXFileReference; includeInIndex = 1; lastKnownFileType = text.xcconfig; name = "Pods-RWPickFlavor.release.xcconfig"; path = "Target Support Files/Pods-RWPickFlavor/Pods-RWPickFlavor.release.xcconfig"; sourceTree = "<group>"; };
		F93D203E9BB948C450E8C364 /* Pods_RWPickFlavor.framework */ = {isa = PBXFileReference; explicitFileType = wrapper.framework; includeInIndex = 0; path = Pods_RWPickFlavor.framework; sourceTree = BUILT_PRODUCTS_DIR; };
/* End PBXFileReference section */

/* Begin PBXFrameworksBuildPhase section */
		68799B32282544120096FBF5 /* Frameworks */ = {
			isa = PBXFrameworksBuildPhase;
			buildActionMask = 2147483647;
			files = (
				8CC49E741C602FEEBC63B68B /* Pods_RWPickFlavor.framework in Frameworks */,
			);
			runOnlyForDeploymentPostprocessing = 0;
		};
		68799B3C282544120096FBF5 /* Frameworks */ = {
			isa = PBXFrameworksBuildPhase;
			buildActionMask = 2147483647;
			files = (
				68799B40282544120096FBF5 /* RWPickFlavor.framework in Frameworks */,
			);
			runOnlyForDeploymentPostprocessing = 0;
		};
/* End PBXFrameworksBuildPhase section */

/* Begin PBXGroup section */
		68799B2B282544120096FBF5 = {
			isa = PBXGroup;
			children = (
				68799B37282544120096FBF5 /* RWPickFlavor */,
				68799B43282544120096FBF5 /* RWPickFlavorTests */,
				68799B36282544120096FBF5 /* Products */,
				92CAE6C1736CDD1E5A74CF4F /* Pods */,
				CCF67BBA2D48D73D8AC87FAE /* Frameworks */,
			);
			sourceTree = "<group>";
		};
		68799B36282544120096FBF5 /* Products */ = {
			isa = PBXGroup;
			children = (
				68799B35282544120096FBF5 /* RWPickFlavor.framework */,
				68799B3F282544120096FBF5 /* RWPickFlavorTests.xctest */,
			);
			name = Products;
			sourceTree = "<group>";
		};
		68799B37282544120096FBF5 /* RWPickFlavor */ = {
			isa = PBXGroup;
			children = (
				68799B38282544120096FBF5 /* RWPickFlavor.h */,
				68799B522825494C0096FBF5 /* Categories */,
				68799B532825494C0096FBF5 /* Controllers */,
				68799B4F2825494C0096FBF5 /* Models */,
				68799B502825494C0096FBF5 /* Resources */,
				68799B512825494C0096FBF5 /* Views */,
				68799B39282544120096FBF5 /* RWPickFlavor.docc */,
			);
			path = RWPickFlavor;
			sourceTree = "<group>";
		};
		68799B43282544120096FBF5 /* RWPickFlavorTests */ = {
			isa = PBXGroup;
			children = (
				68799B44282544120096FBF5 /* RWPickFlavorTests.swift */,
			);
			path = RWPickFlavorTests;
			sourceTree = "<group>";
		};
		92CAE6C1736CDD1E5A74CF4F /* Pods */ = {
			isa = PBXGroup;
			children = (
				7AEC499A7D7F982EB076A3C6 /* Pods-RWPickFlavor.debug.xcconfig */,
				D8375A74F71E8835513AC6B6 /* Pods-RWPickFlavor.release.xcconfig */,
			);
			path = Pods;
			sourceTree = "<group>";
		};
		CCF67BBA2D48D73D8AC87FAE /* Frameworks */ = {
			isa = PBXGroup;
			children = (
				F93D203E9BB948C450E8C364 /* Pods_RWPickFlavor.framework */,
			);
			name = Frameworks;
			sourceTree = "<group>";
		};
/* End PBXGroup section */

/* Begin PBXHeadersBuildPhase section */
		68799B30282544120096FBF5 /* Headers */ = {
			isa = PBXHeadersBuildPhase;
			buildActionMask = 2147483647;
			files = (
				68799B46282544120096FBF5 /* RWPickFlavor.h in Headers */,
			);
			runOnlyForDeploymentPostprocessing = 0;
		};
/* End PBXHeadersBuildPhase section */

/* Begin PBXNativeTarget section */
		68799B34282544120096FBF5 /* RWPickFlavor */ = {
			isa = PBXNativeTarget;
			buildConfigurationList = 68799B49282544120096FBF5 /* Build configuration list for PBXNativeTarget "RWPickFlavor" */;
			buildPhases = (
				2EC1E51126F52D72259483C2 /* [CP] Check Pods Manifest.lock */,
				68799B30282544120096FBF5 /* Headers */,
				68799B31282544120096FBF5 /* Sources */,
				68799B32282544120096FBF5 /* Frameworks */,
				68799B33282544120096FBF5 /* Resources */,
			);
			buildRules = (
			);
			dependencies = (
			);
			name = RWPickFlavor;
			productName = RWPickFlavor;
			productReference = 68799B35282544120096FBF5 /* RWPickFlavor.framework */;
			productType = "com.apple.product-type.framework";
		};
		68799B3E282544120096FBF5 /* RWPickFlavorTests */ = {
			isa = PBXNativeTarget;
			buildConfigurationList = 68799B4C282544120096FBF5 /* Build configuration list for PBXNativeTarget "RWPickFlavorTests" */;
			buildPhases = (
				68799B3B282544120096FBF5 /* Sources */,
				68799B3C282544120096FBF5 /* Frameworks */,
				68799B3D282544120096FBF5 /* Resources */,
			);
			buildRules = (
			);
			dependencies = (
				68799B42282544120096FBF5 /* PBXTargetDependency */,
			);
			name = RWPickFlavorTests;
			productName = RWPickFlavorTests;
			productReference = 68799B3F282544120096FBF5 /* RWPickFlavorTests.xctest */;
			productType = "com.apple.product-type.bundle.unit-test";
		};
/* End PBXNativeTarget section */

/* Begin PBXProject section */
		68799B2C282544120096FBF5 /* Project object */ = {
			isa = PBXProject;
			attributes = {
				BuildIndependentTargetsInParallel = 1;
				LastSwiftUpdateCheck = 1330;
				LastUpgradeCheck = 1330;
				TargetAttributes = {
					68799B34282544120096FBF5 = {
						CreatedOnToolsVersion = 13.3.1;
					};
					68799B3E282544120096FBF5 = {
						CreatedOnToolsVersion = 13.3.1;
					};
				};
			};
			buildConfigurationList = 68799B2F282544120096FBF5 /* Build configuration list for PBXProject "RWPickFlavor" */;
			compatibilityVersion = "Xcode 13.0";
			developmentRegion = en;
			hasScannedForEncodings = 0;
			knownRegions = (
				en,
				Base,
			);
			mainGroup = 68799B2B282544120096FBF5;
			productRefGroup = 68799B36282544120096FBF5 /* Products */;
			projectDirPath = "";
			projectRoot = "";
			targets = (
				68799B34282544120096FBF5 /* RWPickFlavor */,
				68799B3E282544120096FBF5 /* RWPickFlavorTests */,
			);
		};
/* End PBXProject section */

/* Begin PBXResourcesBuildPhase section */
		68799B33282544120096FBF5 /* Resources */ = {
			isa = PBXResourcesBuildPhase;
			buildActionMask = 2147483647;
			files = (
				68799B582825494C0096FBF5 /* Controllers in Resources */,
				68799B572825494C0096FBF5 /* Categories in Resources */,
				68799B562825494C0096FBF5 /* Views in Resources */,
				68799B552825494C0096FBF5 /* Resources in Resources */,
				68799B542825494C0096FBF5 /* Models in Resources */,
			);
			runOnlyForDeploymentPostprocessing = 0;
		};
		68799B3D282544120096FBF5 /* Resources */ = {
			isa = PBXResourcesBuildPhase;
			buildActionMask = 2147483647;
			files = (
			);
			runOnlyForDeploymentPostprocessing = 0;
		};
/* End PBXResourcesBuildPhase section */

/* Begin PBXShellScriptBuildPhase section */
		2EC1E51126F52D72259483C2 /* [CP] Check Pods Manifest.lock */ = {
			isa = PBXShellScriptBuildPhase;
			buildActionMask = 2147483647;
			files = (
			);
			inputFileListPaths = (
			);
			inputPaths = (
				"${PODS_PODFILE_DIR_PATH}/Podfile.lock",
				"${PODS_ROOT}/Manifest.lock",
			);
			name = "[CP] Check Pods Manifest.lock";
			outputFileListPaths = (
			);
			outputPaths = (
				"$(DERIVED_FILE_DIR)/Pods-RWPickFlavor-checkManifestLockResult.txt",
			);
			runOnlyForDeploymentPostprocessing = 0;
			shellPath = /bin/sh;
			shellScript = "diff \"${PODS_PODFILE_DIR_PATH}/Podfile.lock\" \"${PODS_ROOT}/Manifest.lock\" > /dev/null\nif [ $? != 0 ] ; then\n    # print error to STDERR\n    echo \"error: The sandbox is not in sync with the Podfile.lock. Run 'pod install' or update your CocoaPods installation.\" >&2\n    exit 1\nfi\n# This output is used by Xcode 'outputs' to avoid re-running this script phase.\necho \"SUCCESS\" > \"${SCRIPT_OUTPUT_FILE_0}\"\n";
			showEnvVarsInLog = 0;
		};
/* End PBXShellScriptBuildPhase section */

/* Begin PBXSourcesBuildPhase section */
		68799B31282544120096FBF5 /* Sources */ = {
			isa = PBXSourcesBuildPhase;
			buildActionMask = 2147483647;
			files = (
				68799B3A282544120096FBF5 /* RWPickFlavor.docc in Sources */,
			);
			runOnlyForDeploymentPostprocessing = 0;
		};
		68799B3B282544120096FBF5 /* Sources */ = {
			isa = PBXSourcesBuildPhase;
			buildActionMask = 2147483647;
			files = (
				68799B45282544120096FBF5 /* RWPickFlavorTests.swift in Sources */,
			);
			runOnlyForDeploymentPostprocessing = 0;
		};
/* End PBXSourcesBuildPhase section */

/* Begin PBXTargetDependency section */
		68799B42282544120096FBF5 /* PBXTargetDependency */ = {
			isa = PBXTargetDependency;
			target = 68799B34282544120096FBF5 /* RWPickFlavor */;
			targetProxy = 68799B41282544120096FBF5 /* PBXContainerItemProxy */;
		};
/* End PBXTargetDependency section */

/* Begin XCBuildConfiguration section */
		68799B47282544120096FBF5 /* Debug */ = {
			isa = XCBuildConfiguration;
			buildSettings = {
				ALWAYS_SEARCH_USER_PATHS = NO;
				CLANG_ANALYZER_NONNULL = YES;
				CLANG_ANALYZER_NUMBER_OBJECT_CONVERSION = YES_AGGRESSIVE;
				CLANG_CXX_LANGUAGE_STANDARD = "gnu++17";
				CLANG_ENABLE_MODULES = YES;
				CLANG_ENABLE_OBJC_ARC = YES;
				CLANG_ENABLE_OBJC_WEAK = YES;
				CLANG_WARN_BLOCK_CAPTURE_AUTORELEASING = YES;
				CLANG_WARN_BOOL_CONVERSION = YES;
				CLANG_WARN_COMMA = YES;
				CLANG_WARN_CONSTANT_CONVERSION = YES;
				CLANG_WARN_DEPRECATED_OBJC_IMPLEMENTATIONS = YES;
				CLANG_WARN_DIRECT_OBJC_ISA_USAGE = YES_ERROR;
				CLANG_WARN_DOCUMENTATION_COMMENTS = YES;
				CLANG_WARN_EMPTY_BODY = YES;
				CLANG_WARN_ENUM_CONVERSION = YES;
				CLANG_WARN_INFINITE_RECURSION = YES;
				CLANG_WARN_INT_CONVERSION = YES;
				CLANG_WARN_NON_LITERAL_NULL_CONVERSION = YES;
				CLANG_WARN_OBJC_IMPLICIT_RETAIN_SELF = YES;
				CLANG_WARN_OBJC_LITERAL_CONVERSION = YES;
				CLANG_WARN_OBJC_ROOT_CLASS = YES_ERROR;
				CLANG_WARN_QUOTED_INCLUDE_IN_FRAMEWORK_HEADER = YES;
				CLANG_WARN_RANGE_LOOP_ANALYSIS = YES;
				CLANG_WARN_STRICT_PROTOTYPES = YES;
				CLANG_WARN_SUSPICIOUS_MOVE = YES;
				CLANG_WARN_UNGUARDED_AVAILABILITY = YES_AGGRESSIVE;
				CLANG_WARN_UNREACHABLE_CODE = YES;
				CLANG_WARN__DUPLICATE_METHOD_MATCH = YES;
				COPY_PHASE_STRIP = NO;
				CURRENT_PROJECT_VERSION = 1;
				DEBUG_INFORMATION_FORMAT = dwarf;
				ENABLE_STRICT_OBJC_MSGSEND = YES;
				ENABLE_TESTABILITY = YES;
				GCC_C_LANGUAGE_STANDARD = gnu11;
				GCC_DYNAMIC_NO_PIC = NO;
				GCC_NO_COMMON_BLOCKS = YES;
				GCC_OPTIMIZATION_LEVEL = 0;
				GCC_PREPROCESSOR_DEFINITIONS = (
					"DEBUG=1",
					"$(inherited)",
				);
				GCC_WARN_64_TO_32_BIT_CONVERSION = YES;
				GCC_WARN_ABOUT_RETURN_TYPE = YES_ERROR;
				GCC_WARN_UNDECLARED_SELECTOR = YES;
				GCC_WARN_UNINITIALIZED_AUTOS = YES_AGGRESSIVE;
				GCC_WARN_UNUSED_FUNCTION = YES;
				GCC_WARN_UNUSED_VARIABLE = YES;
				IPHONEOS_DEPLOYMENT_TARGET = 12.4;
				MTL_ENABLE_DEBUG_INFO = INCLUDE_SOURCE;
				MTL_FAST_MATH = YES;
				ONLY_ACTIVE_ARCH = YES;
				SDKROOT = iphoneos;
				SWIFT_ACTIVE_COMPILATION_CONDITIONS = DEBUG;
				SWIFT_OPTIMIZATION_LEVEL = "-Onone";
				VERSIONING_SYSTEM = "apple-generic";
				VERSION_INFO_PREFIX = "";
			};
			name = Debug;
		};
		68799B48282544120096FBF5 /* Release */ = {
			isa = XCBuildConfiguration;
			buildSettings = {
				ALWAYS_SEARCH_USER_PATHS = NO;
				CLANG_ANALYZER_NONNULL = YES;
				CLANG_ANALYZER_NUMBER_OBJECT_CONVERSION = YES_AGGRESSIVE;
				CLANG_CXX_LANGUAGE_STANDARD = "gnu++17";
				CLANG_ENABLE_MODULES = YES;
				CLANG_ENABLE_OBJC_ARC = YES;
				CLANG_ENABLE_OBJC_WEAK = YES;
				CLANG_WARN_BLOCK_CAPTURE_AUTORELEASING = YES;
				CLANG_WARN_BOOL_CONVERSION = YES;
				CLANG_WARN_COMMA = YES;
				CLANG_WARN_CONSTANT_CONVERSION = YES;
				CLANG_WARN_DEPRECATED_OBJC_IMPLEMENTATIONS = YES;
				CLANG_WARN_DIRECT_OBJC_ISA_USAGE = YES_ERROR;
				CLANG_WARN_DOCUMENTATION_COMMENTS = YES;
				CLANG_WARN_EMPTY_BODY = YES;
				CLANG_WARN_ENUM_CONVERSION = YES;
				CLANG_WARN_INFINITE_RECURSION = YES;
				CLANG_WARN_INT_CONVERSION = YES;
				CLANG_WARN_NON_LITERAL_NULL_CONVERSION = YES;
				CLANG_WARN_OBJC_IMPLICIT_RETAIN_SELF = YES;
				CLANG_WARN_OBJC_LITERAL_CONVERSION = YES;
				CLANG_WARN_OBJC_ROOT_CLASS = YES_ERROR;
				CLANG_WARN_QUOTED_INCLUDE_IN_FRAMEWORK_HEADER = YES;
				CLANG_WARN_RANGE_LOOP_ANALYSIS = YES;
				CLANG_WARN_STRICT_PROTOTYPES = YES;
				CLANG_WARN_SUSPICIOUS_MOVE = YES;
				CLANG_WARN_UNGUARDED_AVAILABILITY = YES_AGGRESSIVE;
				CLANG_WARN_UNREACHABLE_CODE = YES;
				CLANG_WARN__DUPLICATE_METHOD_MATCH = YES;
				COPY_PHASE_STRIP = NO;
				CURRENT_PROJECT_VERSION = 1;
				DEBUG_INFORMATION_FORMAT = "dwarf-with-dsym";
				ENABLE_NS_ASSERTIONS = NO;
				ENABLE_STRICT_OBJC_MSGSEND = YES;
				GCC_C_LANGUAGE_STANDARD = gnu11;
				GCC_NO_COMMON_BLOCKS = YES;
				GCC_WARN_64_TO_32_BIT_CONVERSION = YES;
				GCC_WARN_ABOUT_RETURN_TYPE = YES_ERROR;
				GCC_WARN_UNDECLARED_SELECTOR = YES;
				GCC_WARN_UNINITIALIZED_AUTOS = YES_AGGRESSIVE;
				GCC_WARN_UNUSED_FUNCTION = YES;
				GCC_WARN_UNUSED_VARIABLE = YES;
				IPHONEOS_DEPLOYMENT_TARGET = 12.4;
				MTL_ENABLE_DEBUG_INFO = NO;
				MTL_FAST_MATH = YES;
				SDKROOT = iphoneos;
				SWIFT_COMPILATION_MODE = wholemodule;
				SWIFT_OPTIMIZATION_LEVEL = "-O";
				VALIDATE_PRODUCT = YES;
				VERSIONING_SYSTEM = "apple-generic";
				VERSION_INFO_PREFIX = "";
			};
			name = Release;
		};
		68799B4A282544120096FBF5 /* Debug */ = {
			isa = XCBuildConfiguration;
			baseConfigurationReference = 7AEC499A7D7F982EB076A3C6 /* Pods-RWPickFlavor.debug.xcconfig */;
			buildSettings = {
				CODE_SIGN_STYLE = Automatic;
				CURRENT_PROJECT_VERSION = 1;
				DEFINES_MODULE = YES;
				DEVELOPMENT_TEAM = M5367TPV56;
				DYLIB_COMPATIBILITY_VERSION = 1;
				DYLIB_CURRENT_VERSION = 1;
				DYLIB_INSTALL_NAME_BASE = "@rpath";
				GENERATE_INFOPLIST_FILE = YES;
				INFOPLIST_KEY_NSHumanReadableCopyright = "";
				INSTALL_PATH = "$(LOCAL_LIBRARY_DIR)/Frameworks";
				LD_RUNPATH_SEARCH_PATHS = (
					"$(inherited)",
					"@executable_path/Frameworks",
					"@loader_path/Frameworks",
				);
				MARKETING_VERSION = 1.0;
				PRODUCT_BUNDLE_IDENTIFIER = com.sample.RWPickFlavor;
				PRODUCT_NAME = "$(TARGET_NAME:c99extidentifier)";
				SKIP_INSTALL = YES;
				SWIFT_EMIT_LOC_STRINGS = YES;
				SWIFT_VERSION = 5.0;
				TARGETED_DEVICE_FAMILY = "1,2";
			};
			name = Debug;
		};
		68799B4B282544120096FBF5 /* Release */ = {
			isa = XCBuildConfiguration;
			baseConfigurationReference = D8375A74F71E8835513AC6B6 /* Pods-RWPickFlavor.release.xcconfig */;
			buildSettings = {
				CODE_SIGN_STYLE = Automatic;
				CURRENT_PROJECT_VERSION = 1;
				DEFINES_MODULE = YES;
				DEVELOPMENT_TEAM = M5367TPV56;
				DYLIB_COMPATIBILITY_VERSION = 1;
				DYLIB_CURRENT_VERSION = 1;
				DYLIB_INSTALL_NAME_BASE = "@rpath";
				GENERATE_INFOPLIST_FILE = YES;
				INFOPLIST_KEY_NSHumanReadableCopyright = "";
				INSTALL_PATH = "$(LOCAL_LIBRARY_DIR)/Frameworks";
				LD_RUNPATH_SEARCH_PATHS = (
					"$(inherited)",
					"@executable_path/Frameworks",
					"@loader_path/Frameworks",
				);
				MARKETING_VERSION = 1.0;
				PRODUCT_BUNDLE_IDENTIFIER = com.sample.RWPickFlavor;
				PRODUCT_NAME = "$(TARGET_NAME:c99extidentifier)";
				SKIP_INSTALL = YES;
				SWIFT_EMIT_LOC_STRINGS = YES;
				SWIFT_VERSION = 5.0;
				TARGETED_DEVICE_FAMILY = "1,2";
			};
			name = Release;
		};
		68799B4D282544120096FBF5 /* Debug */ = {
			isa = XCBuildConfiguration;
			buildSettings = {
				CODE_SIGN_STYLE = Automatic;
				CURRENT_PROJECT_VERSION = 1;
				DEVELOPMENT_TEAM = M5367TPV56;
				GENERATE_INFOPLIST_FILE = YES;
				MARKETING_VERSION = 1.0;
				PRODUCT_BUNDLE_IDENTIFIER = com.sample.RWPickFlavorTests;
				PRODUCT_NAME = "$(TARGET_NAME)";
				SWIFT_EMIT_LOC_STRINGS = NO;
				SWIFT_VERSION = 5.0;
				TARGETED_DEVICE_FAMILY = "1,2";
			};
			name = Debug;
		};
		68799B4E282544120096FBF5 /* Release */ = {
			isa = XCBuildConfiguration;
			buildSettings = {
				CODE_SIGN_STYLE = Automatic;
				CURRENT_PROJECT_VERSION = 1;
				DEVELOPMENT_TEAM = M5367TPV56;
				GENERATE_INFOPLIST_FILE = YES;
				MARKETING_VERSION = 1.0;
				PRODUCT_BUNDLE_IDENTIFIER = com.sample.RWPickFlavorTests;
				PRODUCT_NAME = "$(TARGET_NAME)";
				SWIFT_EMIT_LOC_STRINGS = NO;
				SWIFT_VERSION = 5.0;
				TARGETED_DEVICE_FAMILY = "1,2";
			};
			name = Release;
		};
/* End XCBuildConfiguration section */

/* Begin XCConfigurationList section */
		68799B2F282544120096FBF5 /* Build configuration list for PBXProject "RWPickFlavor" */ = {
			isa = XCConfigurationList;
			buildConfigurations = (
				68799B47282544120096FBF5 /* Debug */,
				68799B48282544120096FBF5 /* Release */,
			);
			defaultConfigurationIsVisible = 0;
			defaultConfigurationName = Release;
		};
		68799B49282544120096FBF5 /* Build configuration list for PBXNativeTarget "RWPickFlavor" */ = {
			isa = XCConfigurationList;
			buildConfigurations = (
				68799B4A282544120096FBF5 /* Debug */,
				68799B4B282544120096FBF5 /* Release */,
			);
			defaultConfigurationIsVisible = 0;
			defaultConfigurationName = Release;
		};
		68799B4C282544120096FBF5 /* Build configuration list for PBXNativeTarget "RWPickFlavorTests" */ = {
			isa = XCConfigurationList;
			buildConfigurations = (
				68799B4D282544120096FBF5 /* Debug */,
				68799B4E282544120096FBF5 /* Release */,
			);
			defaultConfigurationIsVisible = 0;
			defaultConfigurationName = Release;
		};
/* End XCConfigurationList section */
	};
	rootObject = 68799B2C282544120096FBF5 /* Project object */;
}
